
Microsoft Visual Studio Solution File, Format Version 12.00
# Visual Studio 15
VisualStudioVersion = 15.0.28307.106
MinimumVisualStudioVersion = 10.0.40219.1
Project("{FAE04EC0-301F-11D3-BF4B-00C04F79EFBC}") = "SpaceInvaders", "SpaceInvaders\SpaceInvaders.csproj", "{3DB4597E-9F53-49D3-8C19-198DE28922F6}"
EndProject
Global
	GlobalSection(SolutionConfigurationPlatforms) = preSolution
		Debug|x86 = Debug|x86
		Release|x86 = Release|x86
	EndGlobalSection
	GlobalSection(ProjectConfigurationPlatforms) = postSolution
		{3DB4597E-9F53-49D3-8C19-198DE28922F6}.Debug|x86.ActiveCfg = Debug|x86
		{3DB4597E-9F53-49D3-8C19-198DE28922F6}.Debug|x86.Build.0 = Debug|x86
		{3DB4597E-9F53-49D3-8C19-198DE28922F6}.Release|x86.ActiveCfg = Release|x86
		{3DB4597E-9F53-49D3-8C19-198DE28922F6}.Release|x86.Build.0 = Release|x86
	EndGlobalSection
	GlobalSection(SolutionProperties) = preSolution
		HideSolutionNode = FALSE
	EndGlobalSection
	GlobalSection(ExtensibilityGlobals) = postSolution
		SolutionGuid = {94B9FA18-C72D-4981-93B3-EF47A024CFC8}
	EndGlobalSection
EndGlobal
